
Microsoft Visual Studio Solution File, Format Version 12.00
# Visual Studio Version 17
VisualStudioVersion = 17.9.34714.143
MinimumVisualStudioVersion = 10.0.40219.1
Project("{9A19103F-16F7-4668-BE54-9A1E7A4F7556}") = "CursoIdioma.API", "CursoIdioma.API\CursoIdioma.API.csproj", "{326E38E7-BDEA-4713-A73F-E4C49FF44CF0}"
EndProject
Project("{2150E333-8FDC-42A3-9474-1A3956D46DE8}") = "API", "API", "{D90B4BDC-8710-4249-9BF1-BF2427CC1A94}"
EndProject
Project("{2150E333-8FDC-42A3-9474-1A3956D46DE8}") = "DOMAIN", "DOMAIN", "{F016877E-5340-4B37-95CE-4D4678016E93}"
EndProject
Project("{2150E333-8FDC-42A3-9474-1A3956D46DE8}") = "INFRASTRUCTURE", "INFRASTRUCTURE", "{A50900A4-E244-42F8-8C14-0DF8BE016C12}"
EndProject
Project("{FAE04EC0-301F-11D3-BF4B-00C04F79EFBC}") = "CursoIdioma.Infra", "CursoIdioma.Infra\CursoIdioma.Infra.csproj", "{B479FDEF-4CAB-42B5-9611-6D845C5C190D}"
EndProject
Project("{FAE04EC0-301F-11D3-BF4B-00C04F79EFBC}") = "CursoIdioma.Domain", "CursoIdioma.Domain\CursoIdioma.Domain.csproj", "{6104DCE4-77E3-4F9F-9FC0-2510A3C04AC4}"
EndProject
Global
	GlobalSection(SolutionConfigurationPlatforms) = preSolution
		Debug|Any CPU = Debug|Any CPU
		Release|Any CPU = Release|Any CPU
	EndGlobalSection
	GlobalSection(ProjectConfigurationPlatforms) = postSolution
		{326E38E7-BDEA-4713-A73F-E4C49FF44CF0}.Debug|Any CPU.ActiveCfg = Debug|Any CPU
		{326E38E7-BDEA-4713-A73F-E4C49FF44CF0}.Debug|Any CPU.Build.0 = Debug|Any CPU
		{326E38E7-BDEA-4713-A73F-E4C49FF44CF0}.Release|Any CPU.ActiveCfg = Release|Any CPU
		{326E38E7-BDEA-4713-A73F-E4C49FF44CF0}.Release|Any CPU.Build.0 = Release|Any CPU
		{B479FDEF-4CAB-42B5-9611-6D845C5C190D}.Debug|Any CPU.ActiveCfg = Debug|Any CPU
		{B479FDEF-4CAB-42B5-9611-6D845C5C190D}.Debug|Any CPU.Build.0 = Debug|Any CPU
		{B479FDEF-4CAB-42B5-9611-6D845C5C190D}.Release|Any CPU.ActiveCfg = Release|Any CPU
		{B479FDEF-4CAB-42B5-9611-6D845C5C190D}.Release|Any CPU.Build.0 = Release|Any CPU
		{6104DCE4-77E3-4F9F-9FC0-2510A3C04AC4}.Debug|Any CPU.ActiveCfg = Debug|Any CPU
		{6104DCE4-77E3-4F9F-9FC0-2510A3C04AC4}.Debug|Any CPU.Build.0 = Debug|Any CPU
		{6104DCE4-77E3-4F9F-9FC0-2510A3C04AC4}.Release|Any CPU.ActiveCfg = Release|Any CPU
		{6104DCE4-77E3-4F9F-9FC0-2510A3C04AC4}.Release|Any CPU.Build.0 = Release|Any CPU
	EndGlobalSection
	GlobalSection(SolutionProperties) = preSolution
		HideSolutionNode = FALSE
	EndGlobalSection
	GlobalSection(NestedProjects) = preSolution
		{326E38E7-BDEA-4713-A73F-E4C49FF44CF0} = {D90B4BDC-8710-4249-9BF1-BF2427CC1A94}
		{B479FDEF-4CAB-42B5-9611-6D845C5C190D} = {A50900A4-E244-42F8-8C14-0DF8BE016C12}
		{6104DCE4-77E3-4F9F-9FC0-2510A3C04AC4} = {F016877E-5340-4B37-95CE-4D4678016E93}
	EndGlobalSection
	GlobalSection(ExtensibilityGlobals) = postSolution
		SolutionGuid = {17C95416-899E-4099-95F0-A6E5759E1B04}
	EndGlobalSection
EndGlobal
